
Microsoft Visual Studio Solution File, Format Version 12.00
# Visual Studio Version 17
VisualStudioVersion = 17.14.36603.0 d17.14
MinimumVisualStudioVersion = 10.0.40219.1
Project("{FAE04EC0-301F-11D3-BF4B-00C04F79EFBC}") = "ClinicManagementSystem", "ClinicManagementSystem\ClinicManagementSystem.csproj", "{624C9F2C-AD1F-43B4-923A-9F007F2817F8}"
EndProject
Global
	GlobalSection(SolutionConfigurationPlatforms) = preSolution
		Debug|Any CPU = Debug|Any CPU
		Release|Any CPU = Release|Any CPU
	EndGlobalSection
	GlobalSection(ProjectConfigurationPlatforms) = postSolution
		{624C9F2C-AD1F-43B4-923A-9F007F2817F8}.Debug|Any CPU.ActiveCfg = Debug|Any CPU
		{624C9F2C-AD1F-43B4-923A-9F007F2817F8}.Debug|Any CPU.Build.0 = Debug|Any CPU
		{624C9F2C-AD1F-43B4-923A-9F007F2817F8}.Release|Any CPU.ActiveCfg = Release|Any CPU
		{624C9F2C-AD1F-43B4-923A-9F007F2817F8}.Release|Any CPU.Build.0 = Release|Any CPU
	EndGlobalSection
	GlobalSection(SolutionProperties) = preSolution
		HideSolutionNode = FALSE
	EndGlobalSection
	GlobalSection(ExtensibilityGlobals) = postSolution
		SolutionGuid = {62574CC9-77D7-439D-85AD-C53709F43179}
	EndGlobalSection
EndGlobal
